<?xml version="1.0" encoding="utf-8"?>
<Project ToolsVersion="4.0" xmlns="http://schemas.microsoft.com/developer/msbuild/2003">
  <ItemGroup>
    <Filter Include="System">
      <UniqueIdentifier>{217fe929-a6fc-4579-82dc-68883647540d}</UniqueIdentifier>
    </Filter>
    <Filter Include="Scenes">
      <UniqueIdentifier>{89734bac-4844-489d-9e6f-6ffa4945f679}</UniqueIdentifier>
    </Filter>
    <Filter Include="Objects">
      <UniqueIdentifier>{773bd4df-eec1-4f21-91f6-3f2ea896528b}</UniqueIdentifier>
    </Filter>
    <Filter Include="Music">
      <UniqueIdentifier>{c7a49f4e-48a4-49a0-8659-2459fde51c2f}</UniqueIdentifier>
    </Filter>
    <Filter Include="Objects\Truck">
      <UniqueIdentifier>{f1f03195-712b-4dc5-88ee-6b827a309d74}</UniqueIdentifier>
    </Filter>
    <Filter Include="Objects\Building">
      <UniqueIdentifier>{e4ac5d9b-6e48-492f-9309-e03736d840e9}</UniqueIdentifier>
    </Filter>
    <Filter Include="Objects\Hydrant">
      <UniqueIdentifier>{81a6f1ea-6020-438c-9f96-6e7cb23ae509}</UniqueIdentifier>
    </Filter>
    <Filter Include="Objects\Ambulance">
      <UniqueIdentifier>{b067180e-bb52-46df-9394-3706301d4e08}</UniqueIdentifier>
    </Filter>
    <Filter Include="Sprites">
      <UniqueIdentifier>{05c9fdfd-c422-4763-a043-135c9f5e6706}</UniqueIdentifier>
    </Filter>
    <Filter Include="Objects\Pause">
      <UniqueIdentifier>{782eb1f3-7cda-403d-afa4-6c1f40cc5fd9}</UniqueIdentifier>
    </Filter>
  </ItemGroup>
  <ItemGroup>
    <ClCompile Include="..\src\System\game_loop.cpp">
      <Filter>System</Filter>
    </ClCompile>
    <ClCompile Include="..\src\Scenes\gameplay.cpp">
      <Filter>Scenes</Filter>
    </ClCompile>
    <ClCompile Include="..\src\Scenes\menu.cpp">
      <Filter>Scenes</Filter>
    </ClCompile>
    <ClCompile Include="..\src\System\screen.cpp">
      <Filter>System</Filter>
    </ClCompile>
    <ClCompile Include="..\src\Objects\truck.cpp">
      <Filter>Objects\Truck</Filter>
    </ClCompile>
    <ClCompile Include="..\src\Objects\building.cpp">
      <Filter>Objects\Building</Filter>
    </ClCompile>
    <ClCompile Include="..\src\Objects\window.cpp">
      <Filter>Objects\Building</Filter>
    </ClCompile>
    <ClCompile Include="..\src\Objects\Hydrant.cpp">
      <Filter>Objects\Hydrant</Filter>
    </ClCompile>
    <ClCompile Include="..\src\Objects\Civilian.cpp">
      <Filter>Objects\Building</Filter>
    </ClCompile>
    <ClCompile Include="..\src\Objects\Ambulance.cpp">
      <Filter>Objects\Ambulance</Filter>
    </ClCompile>
    <ClCompile Include="..\src\Sprites\ambulance_sprites.cpp">
      <Filter>Sprites</Filter>
    </ClCompile>
    <ClCompile Include="..\src\Sprites\civilians_sprites.cpp">
      <Filter>Sprites</Filter>
    </ClCompile>
    <ClCompile Include="..\src\Sprites\fire_sprites.cpp">
      <Filter>Sprites</Filter>
    </ClCompile>
    <ClCompile Include="..\src\Sprites\truck_sprites.cpp">
      <Filter>Sprites</Filter>
    </ClCompile>
    <ClCompile Include="..\src\Sprites\water_sprites.cpp">
      <Filter>Sprites</Filter>
    </ClCompile>
    <ClCompile Include="..\src\Sprites\sprites_general.cpp">
      <Filter>Sprites</Filter>
    </ClCompile>
    <ClCompile Include="..\src\Music\civilians_sfx.cpp">
      <Filter>Music</Filter>
    </ClCompile>
    <ClCompile Include="..\src\Music\fire_sfx.cpp">
      <Filter>Music</Filter>
    </ClCompile>
    <ClCompile Include="..\src\Music\music.cpp">
      <Filter>Music</Filter>
    </ClCompile>
    <ClCompile Include="..\src\Music\truck_sfx.cpp">
      <Filter>Music</Filter>
    </ClCompile>
    <ClCompile Include="..\src\main.cpp" />
    <ClCompile Include="..\src\Sprites\background_sprites.cpp">
      <Filter>Sprites</Filter>
    </ClCompile>
    <ClCompile Include="..\src\Music\sound_general.cpp">
      <Filter>Music</Filter>
    </ClCompile>
    <ClCompile Include="..\src\Scenes\credits.cpp">
      <Filter>Scenes</Filter>
    </ClCompile>
    <ClCompile Include="..\src\Sprites\pause_sprites.cpp">
      <Filter>Sprites</Filter>
    </ClCompile>
    <ClCompile Include="..\src\Objects\pause.cpp">
      <Filter>Objects\Pause</Filter>
    </ClCompile>
    <ClCompile Include="..\src\System\game_states.cpp">
      <Filter>System</Filter>
    </ClCompile>
  </ItemGroup>
  <ItemGroup>
    <ClInclude Include="..\src\Scenes\gameplay.h">
      <Filter>Scenes</Filter>
    </ClInclude>
    <ClInclude Include="..\src\Scenes\menu.h">
      <Filter>Scenes</Filter>
    </ClInclude>
    <ClInclude Include="..\src\System\game_loop.h">
      <Filter>System</Filter>
    </ClInclude>
    <ClInclude Include="..\src\System\screen.h">
      <Filter>System</Filter>
    </ClInclude>
    <ClInclude Include="..\src\Objects\truck.h">
      <Filter>Objects\Truck</Filter>
    </ClInclude>
    <ClInclude Include="..\src\Objects\window.h">
      <Filter>Objects\Building</Filter>
    </ClInclude>
    <ClInclude Include="..\src\Objects\building.h">
      <Filter>Objects\Building</Filter>
    </ClInclude>
    <ClInclude Include="..\src\Objects\Hydrant.h">
      <Filter>Objects\Hydrant</Filter>
    </ClInclude>
    <ClInclude Include="..\src\Objects\Civilian.h">
      <Filter>Objects\Building</Filter>
    </ClInclude>
    <ClInclude Include="..\src\Objects\Ambulance.h">
      <Filter>Objects\Ambulance</Filter>
    </ClInclude>
    <ClInclude Include="..\src\Sprites\ambulance_sprites.h">
      <Filter>Sprites</Filter>
    </ClInclude>
    <ClInclude Include="..\src\Sprites\civilians_sprites.h">
      <Filter>Sprites</Filter>
    </ClInclude>
    <ClInclude Include="..\src\Sprites\fire_sprites.h">
      <Filter>Sprites</Filter>
    </ClInclude>
    <ClInclude Include="..\src\Sprites\truck_sprites.h">
      <Filter>Sprites</Filter>
    </ClInclude>
    <ClInclude Include="..\src\Sprites\water_sprites.h">
      <Filter>Sprites</Filter>
    </ClInclude>
    <ClInclude Include="..\src\Sprites\sprites_general.h">
      <Filter>Sprites</Filter>
    </ClInclude>
    <ClInclude Include="..\src\Music\civilians_sfx.h">
      <Filter>Music</Filter>
    </ClInclude>
    <ClInclude Include="..\src\Music\fire_sfx.h">
      <Filter>Music</Filter>
    </ClInclude>
    <ClInclude Include="..\src\Music\music.h">
      <Filter>Music</Filter>
    </ClInclude>
    <ClInclude Include="..\src\Music\truck_sfx.h">
      <Filter>Music</Filter>
    </ClInclude>
    <ClInclude Include="..\src\Sprites\background_sprites.h">
      <Filter>Sprites</Filter>
    </ClInclude>
    <ClInclude Include="..\src\Music\sound_general.h">
      <Filter>Music</Filter>
    </ClInclude>
    <ClInclude Include="..\src\Scenes\credits.h">
      <Filter>Scenes</Filter>
    </ClInclude>
    <ClInclude Include="..\src\Sprites\pause_sprites.h">
      <Filter>Sprites</Filter>
    </ClInclude>
    <ClInclude Include="..\src\Objects\pause.h">
      <Filter>Objects\Pause</Filter>
    </ClInclude>
    <ClInclude Include="..\src\System\game_states.h">
      <Filter>System</Filter>
    </ClInclude>
  </ItemGroup>
</Project>